// !$*UTF8*$!
{
	archiveVersion = 1;
	classes = {
	};
	objectVersion = 56;
	objects = {

/* Begin PBXBuildFile section */
		AB0D8CBC2A63E5AD00351E63 /* AppDelegate.swift in Sources */ = {isa = PBXBuildFile; fileRef = AB0D8CBB2A63E5AD00351E63 /* AppDelegate.swift */; };
		AB0D8CBE2A63E5AD00351E63 /* SceneDelegate.swift in Sources */ = {isa = PBXBuildFile; fileRef = AB0D8CBD2A63E5AD00351E63 /* SceneDelegate.swift */; };
		AB0D8CC02A63E5AD00351E63 /* ViewController.swift in Sources */ = {isa = PBXBuildFile; fileRef = AB0D8CBF2A63E5AD00351E63 /* ViewController.swift */; };
		AB0D8CC52A63E5AE00351E63 /* Assets.xcassets in Resources */ = {isa = PBXBuildFile; fileRef = AB0D8CC42A63E5AE00351E63 /* Assets.xcassets */; };
		AB0D8CC82A63E5AE00351E63 /* LaunchScreen.storyboard in Resources */ = {isa = PBXBuildFile; fileRef = AB0D8CC62A63E5AE00351E63 /* LaunchScreen.storyboard */; };
		AB0D8CD42A63ECA800351E63 /* EpisodeCell.swift in Sources */ = {isa = PBXBuildFile; fileRef = AB0D8CD32A63ECA800351E63 /* EpisodeCell.swift */; };
		AB0D8CD72A63ECD700351E63 /* RemoteImageView.swift in Sources */ = {isa = PBXBuildFile; fileRef = AB0D8CD62A63ECD700351E63 /* RemoteImageView.swift */; };
		AB0D8CE22A63F0AF00351E63 /* DataLoadingVC.swift in Sources */ = {isa = PBXBuildFile; fileRef = AB0D8CE12A63F0AF00351E63 /* DataLoadingVC.swift */; };
		AB0D8CE92A63F9F100351E63 /* RemoteVideos.json in Resources */ = {isa = PBXBuildFile; fileRef = AB0D8CE82A63F9F100351E63 /* RemoteVideos.json */; };
		AB0D8CEB2A63FAB100351E63 /* Video.swift in Sources */ = {isa = PBXBuildFile; fileRef = AB0D8CEA2A63FAB100351E63 /* Video.swift */; };
		AB0D8CEE2A63FC8800351E63 /* MainViewModel.swift in Sources */ = {isa = PBXBuildFile; fileRef = AB0D8CED2A63FC8800351E63 /* MainViewModel.swift */; };
		AB0D8CF32A6407EB00351E63 /* UIView+Constraints.swift in Sources */ = {isa = PBXBuildFile; fileRef = AB0D8CF22A6407EB00351E63 /* UIView+Constraints.swift */; };
/* End PBXBuildFile section */

/* Begin PBXFileReference section */
		AB0D8CB82A63E5AD00351E63 /* MsigmaAssigment.app */ = {isa = PBXFileReference; explicitFileType = wrapper.application; includeInIndex = 0; path = MsigmaAssigment.app; sourceTree = BUILT_PRODUCTS_DIR; };
		AB0D8CBB2A63E5AD00351E63 /* AppDelegate.swift */ = {isa = PBXFileReference; lastKnownFileType = sourcecode.swift; path = AppDelegate.swift; sourceTree = "<group>"; };
		AB0D8CBD2A63E5AD00351E63 /* SceneDelegate.swift */ = {isa = PBXFileReference; lastKnownFileType = sourcecode.swift; path = SceneDelegate.swift; sourceTree = "<group>"; };
		AB0D8CBF2A63E5AD00351E63 /* ViewController.swift */ = {isa = PBXFileReference; lastKnownFileType = sourcecode.swift; path = ViewController.swift; sourceTree = "<group>"; };
		AB0D8CC42A63E5AE00351E63 /* Assets.xcassets */ = {isa = PBXFileReference; lastKnownFileType = folder.assetcatalog; path = Assets.xcassets; sourceTree = "<group>"; };
		AB0D8CC72A63E5AE00351E63 /* Base */ = {isa = PBXFileReference; lastKnownFileType = file.storyboard; name = Base; path = Base.lproj/LaunchScreen.storyboard; sourceTree = "<group>"; };
		AB0D8CC92A63E5AE00351E63 /* Info.plist */ = {isa = PBXFileReference; lastKnownFileType = text.plist.xml; path = Info.plist; sourceTree = "<group>"; };
		AB0D8CD32A63ECA800351E63 /* EpisodeCell.swift */ = {isa = PBXFileReference; lastKnownFileType = sourcecode.swift; path = EpisodeCell.swift; sourceTree = "<group>"; };
		AB0D8CD62A63ECD700351E63 /* RemoteImageView.swift */ = {isa = PBXFileReference; lastKnownFileType = sourcecode.swift; path = RemoteImageView.swift; sourceTree = "<group>"; };
		AB0D8CE12A63F0AF00351E63 /* DataLoadingVC.swift */ = {isa = PBXFileReference; lastKnownFileType = sourcecode.swift; path = DataLoadingVC.swift; sourceTree = "<group>"; };
		AB0D8CE82A63F9F100351E63 /* RemoteVideos.json */ = {isa = PBXFileReference; fileEncoding = 4; lastKnownFileType = text.json; path = RemoteVideos.json; sourceTree = "<group>"; };
		AB0D8CEA2A63FAB100351E63 /* Video.swift */ = {isa = PBXFileReference; lastKnownFileType = sourcecode.swift; path = Video.swift; sourceTree = "<group>"; };
		AB0D8CED2A63FC8800351E63 /* MainViewModel.swift */ = {isa = PBXFileReference; lastKnownFileType = sourcecode.swift; path = MainViewModel.swift; sourceTree = "<group>"; };
		AB0D8CF22A6407EB00351E63 /* UIView+Constraints.swift */ = {isa = PBXFileReference; fileEncoding = 4; lastKnownFileType = sourcecode.swift; path = "UIView+Constraints.swift"; sourceTree = "<group>"; };
/* End PBXFileReference section */

/* Begin PBXFrameworksBuildPhase section */
		AB0D8CB52A63E5AD00351E63 /* Frameworks */ = {
			isa = PBXFrameworksBuildPhase;
			buildActionMask = 2147483647;
			files = (
			);
			runOnlyForDeploymentPostprocessing = 0;
		};
/* End PBXFrameworksBuildPhase section */

/* Begin PBXGroup section */
		AB0D8CAF2A63E5AD00351E63 = {
			isa = PBXGroup;
			children = (
				AB0D8CBA2A63E5AD00351E63 /* MsigmaAssigment */,
				AB0D8CB92A63E5AD00351E63 /* Products */,
			);
			sourceTree = "<group>";
		};
		AB0D8CB92A63E5AD00351E63 /* Products */ = {
			isa = PBXGroup;
			children = (
				AB0D8CB82A63E5AD00351E63 /* MsigmaAssigment.app */,
			);
			name = Products;
			sourceTree = "<group>";
		};
		AB0D8CBA2A63E5AD00351E63 /* MsigmaAssigment */ = {
			isa = PBXGroup;
			children = (
				AB0D8CF12A6407D600351E63 /* Extensions */,
				AB0D8CEC2A63FC7900351E63 /* ViewModel */,
				AB0D8CDB2A63EEA900351E63 /* Helper */,
				AB0D8CD82A63EE8700351E63 /* Models */,
				AB0D8CD52A63ECB900351E63 /* CustomViews */,
				AB0D8CD22A63EC9D00351E63 /* Cells */,
				AB0D8CD02A63EBC300351E63 /* Core */,
				AB0D8CCF2A63EBAA00351E63 /* View Controllers */,
				AB0D8CD12A63EBD000351E63 /* Resources */,
			);
			path = MsigmaAssigment;
			sourceTree = "<group>";
		};
		AB0D8CCF2A63EBAA00351E63 /* View Controllers */ = {
			isa = PBXGroup;
			children = (
				AB0D8CBF2A63E5AD00351E63 /* ViewController.swift */,
				AB0D8CE12A63F0AF00351E63 /* DataLoadingVC.swift */,
			);
			path = "View Controllers";
			sourceTree = "<group>";
		};
		AB0D8CD02A63EBC300351E63 /* Core */ = {
			isa = PBXGroup;
			children = (
				AB0D8CBB2A63E5AD00351E63 /* AppDelegate.swift */,
				AB0D8CBD2A63E5AD00351E63 /* SceneDelegate.swift */,
			);
			path = Core;
			sourceTree = "<group>";
		};
		AB0D8CD12A63EBD000351E63 /* Resources */ = {
			isa = PBXGroup;
			children = (
				AB0D8CC42A63E5AE00351E63 /* Assets.xcassets */,
				AB0D8CC62A63E5AE00351E63 /* LaunchScreen.storyboard */,
				AB0D8CC92A63E5AE00351E63 /* Info.plist */,
			);
			path = Resources;
			sourceTree = "<group>";
		};
		AB0D8CD22A63EC9D00351E63 /* Cells */ = {
			isa = PBXGroup;
			children = (
				AB0D8CD32A63ECA800351E63 /* EpisodeCell.swift */,
			);
			path = Cells;
			sourceTree = "<group>";
		};
		AB0D8CD52A63ECB900351E63 /* CustomViews */ = {
			isa = PBXGroup;
			children = (
				AB0D8CD62A63ECD700351E63 /* RemoteImageView.swift */,
			);
			path = CustomViews;
			sourceTree = "<group>";
		};
		AB0D8CD82A63EE8700351E63 /* Models */ = {
			isa = PBXGroup;
			children = (
				AB0D8CEA2A63FAB100351E63 /* Video.swift */,
			);
			path = Models;
			sourceTree = "<group>";
		};
		AB0D8CDB2A63EEA900351E63 /* Helper */ = {
			isa = PBXGroup;
			children = (
				AB0D8CE82A63F9F100351E63 /* RemoteVideos.json */,
			);
			path = Helper;
			sourceTree = "<group>";
		};
		AB0D8CEC2A63FC7900351E63 /* ViewModel */ = {
			isa = PBXGroup;
			children = (
				AB0D8CED2A63FC8800351E63 /* MainViewModel.swift */,
			);
			path = ViewModel;
			sourceTree = "<group>";
		};
		AB0D8CF12A6407D600351E63 /* Extensions */ = {
			isa = PBXGroup;
			children = (
				AB0D8CF22A6407EB00351E63 /* UIView+Constraints.swift */,
			);
			path = Extensions;
			sourceTree = "<group>";
		};
/* End PBXGroup section */

/* Begin PBXNativeTarget section */
		AB0D8CB72A63E5AD00351E63 /* MsigmaAssigment */ = {
			isa = PBXNativeTarget;
			buildConfigurationList = AB0D8CCC2A63E5AE00351E63 /* Build configuration list for PBXNativeTarget "MsigmaAssigment" */;
			buildPhases = (
				AB0D8CB42A63E5AD00351E63 /* Sources */,
				AB0D8CB52A63E5AD00351E63 /* Frameworks */,
				AB0D8CB62A63E5AD00351E63 /* Resources */,
			);
			buildRules = (
			);
			dependencies = (
			);
			name = MsigmaAssigment;
			productName = MsigmaAssigment;
			productReference = AB0D8CB82A63E5AD00351E63 /* MsigmaAssigment.app */;
			productType = "com.apple.product-type.application";
		};
/* End PBXNativeTarget section */

/* Begin PBXProject section */
		AB0D8CB02A63E5AD00351E63 /* Project object */ = {
			isa = PBXProject;
			attributes = {
				BuildIndependentTargetsInParallel = 1;
				LastSwiftUpdateCheck = 1420;
				LastUpgradeCheck = 1420;
				TargetAttributes = {
					AB0D8CB72A63E5AD00351E63 = {
						CreatedOnToolsVersion = 14.2;
					};
				};
			};
			buildConfigurationList = AB0D8CB32A63E5AD00351E63 /* Build configuration list for PBXProject "MsigmaAssigment" */;
			compatibilityVersion = "Xcode 14.0";
			developmentRegion = en;
			hasScannedForEncodings = 0;
			knownRegions = (
				en,
				Base,
			);
			mainGroup = AB0D8CAF2A63E5AD00351E63;
			productRefGroup = AB0D8CB92A63E5AD00351E63 /* Products */;
			projectDirPath = "";
			projectRoot = "";
			targets = (
				AB0D8CB72A63E5AD00351E63 /* MsigmaAssigment */,
			);
		};
/* End PBXProject section */

/* Begin PBXResourcesBuildPhase section */
		AB0D8CB62A63E5AD00351E63 /* Resources */ = {
			isa = PBXResourcesBuildPhase;
			buildActionMask = 2147483647;
			files = (
				AB0D8CC82A63E5AE00351E63 /* LaunchScreen.storyboard in Resources */,
				AB0D8CC52A63E5AE00351E63 /* Assets.xcassets in Resources */,
				AB0D8CE92A63F9F100351E63 /* RemoteVideos.json in Resources */,
			);
			runOnlyForDeploymentPostprocessing = 0;
		};
/* End PBXResourcesBuildPhase section */

/* Begin PBXSourcesBuildPhase section */
		AB0D8CB42A63E5AD00351E63 /* Sources */ = {
			isa = PBXSourcesBuildPhase;
			buildActionMask = 2147483647;
			files = (
				AB0D8CC02A63E5AD00351E63 /* ViewController.swift in Sources */,
				AB0D8CF32A6407EB00351E63 /* UIView+Constraints.swift in Sources */,
				AB0D8CD42A63ECA800351E63 /* EpisodeCell.swift in Sources */,
				AB0D8CBC2A63E5AD00351E63 /* AppDelegate.swift in Sources */,
				AB0D8CE22A63F0AF00351E63 /* DataLoadingVC.swift in Sources */,
				AB0D8CD72A63ECD700351E63 /* RemoteImageView.swift in Sources */,
				AB0D8CBE2A63E5AD00351E63 /* SceneDelegate.swift in Sources */,
				AB0D8CEB2A63FAB100351E63 /* Video.swift in Sources */,
				AB0D8CEE2A63FC8800351E63 /* MainViewModel.swift in Sources */,
			);
			runOnlyForDeploymentPostprocessing = 0;
		};
/* End PBXSourcesBuildPhase section */

/* Begin PBXVariantGroup section */
		AB0D8CC62A63E5AE00351E63 /* LaunchScreen.storyboard */ = {
			isa = PBXVariantGroup;
			children = (
				AB0D8CC72A63E5AE00351E63 /* Base */,
			);
			name = LaunchScreen.storyboard;
			sourceTree = "<group>";
		};
/* End PBXVariantGroup section */

/* Begin XCBuildConfiguration section */
		AB0D8CCA2A63E5AE00351E63 /* Debug */ = {
			isa = XCBuildConfiguration;
			buildSettings = {
				ALWAYS_SEARCH_USER_PATHS = NO;
				CLANG_ANALYZER_NONNULL = YES;
				CLANG_ANALYZER_NUMBER_OBJECT_CONVERSION = YES_AGGRESSIVE;
				CLANG_CXX_LANGUAGE_STANDARD = "gnu++20";
				CLANG_ENABLE_MODULES = YES;
				CLANG_ENABLE_OBJC_ARC = YES;
				CLANG_ENABLE_OBJC_WEAK = YES;
				CLANG_WARN_BLOCK_CAPTURE_AUTORELEASING = YES;
				CLANG_WARN_BOOL_CONVERSION = YES;
				CLANG_WARN_COMMA = YES;
				CLANG_WARN_CONSTANT_CONVERSION = YES;
				CLANG_WARN_DEPRECATED_OBJC_IMPLEMENTATIONS = YES;
				CLANG_WARN_DIRECT_OBJC_ISA_USAGE = YES_ERROR;
				CLANG_WARN_DOCUMENTATION_COMMENTS = YES;
				CLANG_WARN_EMPTY_BODY = YES;
				CLANG_WARN_ENUM_CONVERSION = YES;
				CLANG_WARN_INFINITE_RECURSION = YES;
				CLANG_WARN_INT_CONVERSION = YES;
				CLANG_WARN_NON_LITERAL_NULL_CONVERSION = YES;
				CLANG_WARN_OBJC_IMPLICIT_RETAIN_SELF = YES;
				CLANG_WARN_OBJC_LITERAL_CONVERSION = YES;
				CLANG_WARN_OBJC_ROOT_CLASS = YES_ERROR;
				CLANG_WARN_QUOTED_INCLUDE_IN_FRAMEWORK_HEADER = YES;
				CLANG_WARN_RANGE_LOOP_ANALYSIS = YES;
				CLANG_WARN_STRICT_PROTOTYPES = YES;
				CLANG_WARN_SUSPICIOUS_MOVE = YES;
				CLANG_WARN_UNGUARDED_AVAILABILITY = YES_AGGRESSIVE;
				CLANG_WARN_UNREACHABLE_CODE = YES;
				CLANG_WARN__DUPLICATE_METHOD_MATCH = YES;
				COPY_PHASE_STRIP = NO;
				DEBUG_INFORMATION_FORMAT = dwarf;
				ENABLE_STRICT_OBJC_MSGSEND = YES;
				ENABLE_TESTABILITY = YES;
				GCC_C_LANGUAGE_STANDARD = gnu11;
				GCC_DYNAMIC_NO_PIC = NO;
				GCC_NO_COMMON_BLOCKS = YES;
				GCC_OPTIMIZATION_LEVEL = 0;
				GCC_PREPROCESSOR_DEFINITIONS = (
					"DEBUG=1",
					"$(inherited)",
				);
				GCC_WARN_64_TO_32_BIT_CONVERSION = YES;
				GCC_WARN_ABOUT_RETURN_TYPE = YES_ERROR;
				GCC_WARN_UNDECLARED_SELECTOR = YES;
				GCC_WARN_UNINITIALIZED_AUTOS = YES_AGGRESSIVE;
				GCC_WARN_UNUSED_FUNCTION = YES;
				GCC_WARN_UNUSED_VARIABLE = YES;
				IPHONEOS_DEPLOYMENT_TARGET = 16.2;
				MTL_ENABLE_DEBUG_INFO = INCLUDE_SOURCE;
				MTL_FAST_MATH = YES;
				ONLY_ACTIVE_ARCH = YES;
				SDKROOT = iphoneos;
				SWIFT_ACTIVE_COMPILATION_CONDITIONS = DEBUG;
				SWIFT_OPTIMIZATION_LEVEL = "-Onone";
			};
			name = Debug;
		};
		AB0D8CCB2A63E5AE00351E63 /* Release */ = {
			isa = XCBuildConfiguration;
			buildSettings = {
				ALWAYS_SEARCH_USER_PATHS = NO;
				CLANG_ANALYZER_NONNULL = YES;
				CLANG_ANALYZER_NUMBER_OBJECT_CONVERSION = YES_AGGRESSIVE;
				CLANG_CXX_LANGUAGE_STANDARD = "gnu++20";
				CLANG_ENABLE_MODULES = YES;
				CLANG_ENABLE_OBJC_ARC = YES;
				CLANG_ENABLE_OBJC_WEAK = YES;
				CLANG_WARN_BLOCK_CAPTURE_AUTORELEASING = YES;
				CLANG_WARN_BOOL_CONVERSION = YES;
				CLANG_WARN_COMMA = YES;
				CLANG_WARN_CONSTANT_CONVERSION = YES;
				CLANG_WARN_DEPRECATED_OBJC_IMPLEMENTATIONS = YES;
				CLANG_WARN_DIRECT_OBJC_ISA_USAGE = YES_ERROR;
				CLANG_WARN_DOCUMENTATION_COMMENTS = YES;
				CLANG_WARN_EMPTY_BODY = YES;
				CLANG_WARN_ENUM_CONVERSION = YES;
				CLANG_WARN_INFINITE_RECURSION = YES;
				CLANG_WARN_INT_CONVERSION = YES;
				CLANG_WARN_NON_LITERAL_NULL_CONVERSION = YES;
				CLANG_WARN_OBJC_IMPLICIT_RETAIN_SELF = YES;
				CLANG_WARN_OBJC_LITERAL_CONVERSION = YES;
				CLANG_WARN_OBJC_ROOT_CLASS = YES_ERROR;
				CLANG_WARN_QUOTED_INCLUDE_IN_FRAMEWORK_HEADER = YES;
				CLANG_WARN_RANGE_LOOP_ANALYSIS = YES;
				CLANG_WARN_STRICT_PROTOTYPES = YES;
				CLANG_WARN_SUSPICIOUS_MOVE = YES;
				CLANG_WARN_UNGUARDED_AVAILABILITY = YES_AGGRESSIVE;
				CLANG_WARN_UNREACHABLE_CODE = YES;
				CLANG_WARN__DUPLICATE_METHOD_MATCH = YES;
				COPY_PHASE_STRIP = NO;
				DEBUG_INFORMATION_FORMAT = "dwarf-with-dsym";
				ENABLE_NS_ASSERTIONS = NO;
				ENABLE_STRICT_OBJC_MSGSEND = YES;
				GCC_C_LANGUAGE_STANDARD = gnu11;
				GCC_NO_COMMON_BLOCKS = YES;
				GCC_WARN_64_TO_32_BIT_CONVERSION = YES;
				GCC_WARN_ABOUT_RETURN_TYPE = YES_ERROR;
				GCC_WARN_UNDECLARED_SELECTOR = YES;
				GCC_WARN_UNINITIALIZED_AUTOS = YES_AGGRESSIVE;
				GCC_WARN_UNUSED_FUNCTION = YES;
				GCC_WARN_UNUSED_VARIABLE = YES;
				IPHONEOS_DEPLOYMENT_TARGET = 16.2;
				MTL_ENABLE_DEBUG_INFO = NO;
				MTL_FAST_MATH = YES;
				SDKROOT = iphoneos;
				SWIFT_COMPILATION_MODE = wholemodule;
				SWIFT_OPTIMIZATION_LEVEL = "-O";
				VALIDATE_PRODUCT = YES;
			};
			name = Release;
		};
		AB0D8CCD2A63E5AE00351E63 /* Debug */ = {
			isa = XCBuildConfiguration;
			buildSettings = {
				ASSETCATALOG_COMPILER_APPICON_NAME = AppIcon;
				ASSETCATALOG_COMPILER_GLOBAL_ACCENT_COLOR_NAME = AccentColor;
				CODE_SIGN_STYLE = Automatic;
				CURRENT_PROJECT_VERSION = 1;
				DEVELOPMENT_TEAM = K686RX6759;
				GENERATE_INFOPLIST_FILE = YES;
				INFOPLIST_FILE = MsigmaAssigment/Resources/Info.plist;
				INFOPLIST_KEY_UIApplicationSupportsIndirectInputEvents = YES;
				INFOPLIST_KEY_UILaunchStoryboardName = LaunchScreen;
				INFOPLIST_KEY_UIMainStoryboardFile = "";
				INFOPLIST_KEY_UISupportedInterfaceOrientations = UIInterfaceOrientationPortrait;
				INFOPLIST_KEY_UISupportedInterfaceOrientations_iPad = UIInterfaceOrientationPortraitUpsideDown;
				LD_RUNPATH_SEARCH_PATHS = (
					"$(inherited)",
					"@executable_path/Frameworks",
				);
				MARKETING_VERSION = 1.0;
				PRODUCT_BUNDLE_IDENTIFIER = com.aaditya.MsigmaAssigment;
				PRODUCT_NAME = "$(TARGET_NAME)";
				SUPPORTED_PLATFORMS = "iphoneos iphonesimulator";
				SUPPORTS_MACCATALYST = NO;
				SUPPORTS_MAC_DESIGNED_FOR_IPHONE_IPAD = YES;
				SWIFT_EMIT_LOC_STRINGS = YES;
				SWIFT_VERSION = 5.0;
				TARGETED_DEVICE_FAMILY = 1;
			};
			name = Debug;
		};
		AB0D8CCE2A63E5AE00351E63 /* Release */ = {
			isa = XCBuildConfiguration;
			buildSettings = {
				ASSETCATALOG_COMPILER_APPICON_NAME = AppIcon;
				ASSETCATALOG_COMPILER_GLOBAL_ACCENT_COLOR_NAME = AccentColor;
				CODE_SIGN_STYLE = Automatic;
				CURRENT_PROJECT_VERSION = 1;
				DEVELOPMENT_TEAM = K686RX6759;
				GENERATE_INFOPLIST_FILE = YES;
				INFOPLIST_FILE = MsigmaAssigment/Resources/Info.plist;
				INFOPLIST_KEY_UIApplicationSupportsIndirectInputEvents = YES;
				INFOPLIST_KEY_UILaunchStoryboardName = LaunchScreen;
				INFOPLIST_KEY_UIMainStoryboardFile = "";
				INFOPLIST_KEY_UISupportedInterfaceOrientations = UIInterfaceOrientationPortrait;
				INFOPLIST_KEY_UISupportedInterfaceOrientations_iPad = UIInterfaceOrientationPortraitUpsideDown;
				LD_RUNPATH_SEARCH_PATHS = (
					"$(inherited)",
					"@executable_path/Frameworks",
				);
				MARKETING_VERSION = 1.0;
				PRODUCT_BUNDLE_IDENTIFIER = com.aaditya.MsigmaAssigment;
				PRODUCT_NAME = "$(TARGET_NAME)";
				SUPPORTED_PLATFORMS = "iphoneos iphonesimulator";
				SUPPORTS_MACCATALYST = NO;
				SUPPORTS_MAC_DESIGNED_FOR_IPHONE_IPAD = YES;
				SWIFT_EMIT_LOC_STRINGS = YES;
				SWIFT_VERSION = 5.0;
				TARGETED_DEVICE_FAMILY = 1;
			};
			name = Release;
		};
/* End XCBuildConfiguration section */

/* Begin XCConfigurationList section */
		AB0D8CB32A63E5AD00351E63 /* Build configuration list for PBXProject "MsigmaAssigment" */ = {
			isa = XCConfigurationList;
			buildConfigurations = (
				AB0D8CCA2A63E5AE00351E63 /* Debug */,
				AB0D8CCB2A63E5AE00351E63 /* Release */,
			);
			defaultConfigurationIsVisible = 0;
			defaultConfigurationName = Release;
		};
		AB0D8CCC2A63E5AE00351E63 /* Build configuration list for PBXNativeTarget "MsigmaAssigment" */ = {
			isa = XCConfigurationList;
			buildConfigurations = (
				AB0D8CCD2A63E5AE00351E63 /* Debug */,
				AB0D8CCE2A63E5AE00351E63 /* Release */,
			);
			defaultConfigurationIsVisible = 0;
			defaultConfigurationName = Release;
		};
/* End XCConfigurationList section */
	};
	rootObject = AB0D8CB02A63E5AD00351E63 /* Project object */;
}
